
Microsoft Visual Studio Solution File, Format Version 12.00
# Visual Studio Version 17
VisualStudioVersion = 17.13.35828.75 d17.13
MinimumVisualStudioVersion = 10.0.40219.1
Project("{FAE04EC0-301F-11D3-BF4B-00C04F79EFBC}") = "PROGA", "PROGA.csproj", "{99921E38-3186-42EE-AA30-F85BF8801980}"
EndProject
Global
	GlobalSection(SolutionConfigurationPlatforms) = preSolution
		Debug|Any CPU = Debug|Any CPU
		Release|Any CPU = Release|Any CPU
	EndGlobalSection
	GlobalSection(ProjectConfigurationPlatforms) = postSolution
		{99921E38-3186-42EE-AA30-F85BF8801980}.Debug|Any CPU.ActiveCfg = Debug|Any CPU
		{99921E38-3186-42EE-AA30-F85BF8801980}.Debug|Any CPU.Build.0 = Debug|Any CPU
		{99921E38-3186-42EE-AA30-F85BF8801980}.Release|Any CPU.ActiveCfg = Release|Any CPU
		{99921E38-3186-42EE-AA30-F85BF8801980}.Release|Any CPU.Build.0 = Release|Any CPU
	EndGlobalSection
	GlobalSection(SolutionProperties) = preSolution
		HideSolutionNode = FALSE
	EndGlobalSection
	GlobalSection(ExtensibilityGlobals) = postSolution
		SolutionGuid = {FD119F30-F435-4FBB-8059-0EC3C7F2535C}
	EndGlobalSection
EndGlobal
